
Microsoft Visual Studio Solution File, Format Version 12.00
# Visual Studio Version 17
VisualStudioVersion = 17.9.34728.123
MinimumVisualStudioVersion = 10.0.40219.1
Project("{FAE04EC0-301F-11D3-BF4B-00C04F79EFBC}") = "AzureTranslate", "AzureTranslate\AzureTranslate.csproj", "{3D03AAFA-126D-4744-81CD-FD9440895FB4}"
EndProject
Global
	GlobalSection(SolutionConfigurationPlatforms) = preSolution
		Debug|Any CPU = Debug|Any CPU
		Release|Any CPU = Release|Any CPU
	EndGlobalSection
	GlobalSection(ProjectConfigurationPlatforms) = postSolution
		{3D03AAFA-126D-4744-81CD-FD9440895FB4}.Debug|Any CPU.ActiveCfg = Debug|Any CPU
		{3D03AAFA-126D-4744-81CD-FD9440895FB4}.Debug|Any CPU.Build.0 = Debug|Any CPU
		{3D03AAFA-126D-4744-81CD-FD9440895FB4}.Release|Any CPU.ActiveCfg = Release|Any CPU
		{3D03AAFA-126D-4744-81CD-FD9440895FB4}.Release|Any CPU.Build.0 = Release|Any CPU
	EndGlobalSection
	GlobalSection(SolutionProperties) = preSolution
		HideSolutionNode = FALSE
	EndGlobalSection
	GlobalSection(ExtensibilityGlobals) = postSolution
		SolutionGuid = {20671305-03BE-4856-9B2D-CA9691171C73}
	EndGlobalSection
EndGlobal
